
Microsoft Visual Studio Solution File, Format Version 12.00
# Visual Studio 15
VisualStudioVersion = 15.0.27703.2047
MinimumVisualStudioVersion = 10.0.40219.1
Project("{9A19103F-16F7-4668-BE54-9A1E7A4F7556}") = "MemberProcess", "MemberProcess\MemberProcess.csproj", "{A693D7CF-F058-4BE3-A7C9-C18CBB738731}"
EndProject
Global
	GlobalSection(SolutionConfigurationPlatforms) = preSolution
		Debug|Any CPU = Debug|Any CPU
		Release|Any CPU = Release|Any CPU
	EndGlobalSection
	GlobalSection(ProjectConfigurationPlatforms) = postSolution
		{A693D7CF-F058-4BE3-A7C9-C18CBB738731}.Debug|Any CPU.ActiveCfg = Debug|Any CPU
		{A693D7CF-F058-4BE3-A7C9-C18CBB738731}.Debug|Any CPU.Build.0 = Debug|Any CPU
		{A693D7CF-F058-4BE3-A7C9-C18CBB738731}.Release|Any CPU.ActiveCfg = Release|Any CPU
		{A693D7CF-F058-4BE3-A7C9-C18CBB738731}.Release|Any CPU.Build.0 = Release|Any CPU
	EndGlobalSection
	GlobalSection(SolutionProperties) = preSolution
		HideSolutionNode = FALSE
	EndGlobalSection
	GlobalSection(ExtensibilityGlobals) = postSolution
		SolutionGuid = {BAE63502-0728-486D-BC19-C907E930728F}
	EndGlobalSection
EndGlobal
